
Microsoft Visual Studio Solution File, Format Version 12.00
# Visual Studio Version 17
VisualStudioVersion = 17.13.35919.96 d17.13
MinimumVisualStudioVersion = 10.0.40219.1
Project("{FAE04EC0-301F-11D3-BF4B-00C04F79EFBC}") = "FichaExercicioPOO", "FichaExercicioPOO\FichaExercicioPOO.csproj", "{3AE94A02-0F02-47C0-BE14-2E86B1D40235}"
EndProject
Global
	GlobalSection(SolutionConfigurationPlatforms) = preSolution
		Debug|Any CPU = Debug|Any CPU
		Release|Any CPU = Release|Any CPU
	EndGlobalSection
	GlobalSection(ProjectConfigurationPlatforms) = postSolution
		{3AE94A02-0F02-47C0-BE14-2E86B1D40235}.Debug|Any CPU.ActiveCfg = Debug|Any CPU
		{3AE94A02-0F02-47C0-BE14-2E86B1D40235}.Debug|Any CPU.Build.0 = Debug|Any CPU
		{3AE94A02-0F02-47C0-BE14-2E86B1D40235}.Release|Any CPU.ActiveCfg = Release|Any CPU
		{3AE94A02-0F02-47C0-BE14-2E86B1D40235}.Release|Any CPU.Build.0 = Release|Any CPU
	EndGlobalSection
	GlobalSection(SolutionProperties) = preSolution
		HideSolutionNode = FALSE
	EndGlobalSection
	GlobalSection(ExtensibilityGlobals) = postSolution
		SolutionGuid = {024A9D84-A204-4B6A-AFB4-124E355A300F}
	EndGlobalSection
EndGlobal
